
Microsoft Visual Studio Solution File, Format Version 12.00
# Visual Studio Version 17
VisualStudioVersion = 17.2.32616.157
MinimumVisualStudioVersion = 10.0.40219.1
Project("{FAE04EC0-301F-11D3-BF4B-00C04F79EFBC}") = "Hakaton_bot", "Hakaton_bot.csproj", "{0AAD97BC-9E0A-4D7B-9B71-66E345A46AC4}"
EndProject
Global
	GlobalSection(SolutionConfigurationPlatforms) = preSolution
		Debug|Any CPU = Debug|Any CPU
		Release|Any CPU = Release|Any CPU
	EndGlobalSection
	GlobalSection(ProjectConfigurationPlatforms) = postSolution
		{0AAD97BC-9E0A-4D7B-9B71-66E345A46AC4}.Debug|Any CPU.ActiveCfg = Debug|Any CPU
		{0AAD97BC-9E0A-4D7B-9B71-66E345A46AC4}.Debug|Any CPU.Build.0 = Debug|Any CPU
		{0AAD97BC-9E0A-4D7B-9B71-66E345A46AC4}.Release|Any CPU.ActiveCfg = Release|Any CPU
		{0AAD97BC-9E0A-4D7B-9B71-66E345A46AC4}.Release|Any CPU.Build.0 = Release|Any CPU
	EndGlobalSection
	GlobalSection(SolutionProperties) = preSolution
		HideSolutionNode = FALSE
	EndGlobalSection
	GlobalSection(ExtensibilityGlobals) = postSolution
		SolutionGuid = {1F4E674B-45A2-483C-A081-2AD0E6FB8BC7}
	EndGlobalSection
EndGlobal
